// !$*UTF8*$!
{
	archiveVersion = 1;
	classes = {
	};
	objectVersion = 46;
	objects = {

/* Begin PBXBuildFile section */
		948E678F13B4FB4D00CAFC4A /* ASIAuthenticationDialog.m in Sources */ = {isa = PBXBuildFile; fileRef = 948E675C13B4FB4C00CAFC4A /* ASIAuthenticationDialog.m */; };
		948E679013B4FB4D00CAFC4A /* ASIDataCompressor.m in Sources */ = {isa = PBXBuildFile; fileRef = 948E675F13B4FB4C00CAFC4A /* ASIDataCompressor.m */; };
		948E679113B4FB4D00CAFC4A /* ASIDataDecompressor.m in Sources */ = {isa = PBXBuildFile; fileRef = 948E676113B4FB4C00CAFC4A /* ASIDataDecompressor.m */; };
		948E679213B4FB4D00CAFC4A /* ASIDownloadCache.m in Sources */ = {isa = PBXBuildFile; fileRef = 948E676313B4FB4C00CAFC4A /* ASIDownloadCache.m */; };
		948E679313B4FB4D00CAFC4A /* ASIFormDataRequest.m in Sources */ = {isa = PBXBuildFile; fileRef = 948E676513B4FB4C00CAFC4A /* ASIFormDataRequest.m */; };
		948E679413B4FB4D00CAFC4A /* ASIHTTPRequest.m in Sources */ = {isa = PBXBuildFile; fileRef = 948E676713B4FB4C00CAFC4A /* ASIHTTPRequest.m */; };
		948E679513B4FB4D00CAFC4A /* ASIInputStream.m in Sources */ = {isa = PBXBuildFile; fileRef = 948E676B13B4FB4C00CAFC4A /* ASIInputStream.m */; };
		948E679613B4FB4D00CAFC4A /* ASINetworkQueue.m in Sources */ = {isa = PBXBuildFile; fileRef = 948E676D13B4FB4C00CAFC4A /* ASINetworkQueue.m */; };
		948E67A813B4FB5800CAFC4A /* Reachability.m in Sources */ = {isa = PBXBuildFile; fileRef = 948E67A713B4FB5800CAFC4A /* Reachability.m */; };
		948E67C313B4FCB400CAFC4A /* NSObject+SBJson.m in Sources */ = {isa = PBXBuildFile; fileRef = 948E67AB13B4FCB400CAFC4A /* NSObject+SBJson.m */; };
		948E67C413B4FCB400CAFC4A /* SBJsonParser.m in Sources */ = {isa = PBXBuildFile; fileRef = 948E67AE13B4FCB400CAFC4A /* SBJsonParser.m */; };
		948E67C513B4FCB400CAFC4A /* SBJsonStreamParser.m in Sources */ = {isa = PBXBuildFile; fileRef = 948E67B013B4FCB400CAFC4A /* SBJsonStreamParser.m */; };
		948E67C613B4FCB400CAFC4A /* SBJsonStreamParserAccumulator.m in Sources */ = {isa = PBXBuildFile; fileRef = 948E67B213B4FCB400CAFC4A /* SBJsonStreamParserAccumulator.m */; };
		948E67C713B4FCB400CAFC4A /* SBJsonStreamParserAdapter.m in Sources */ = {isa = PBXBuildFile; fileRef = 948E67B413B4FCB400CAFC4A /* SBJsonStreamParserAdapter.m */; };
		948E67C813B4FCB400CAFC4A /* SBJsonStreamParserState.m in Sources */ = {isa = PBXBuildFile; fileRef = 948E67B613B4FCB400CAFC4A /* SBJsonStreamParserState.m */; };
		948E67C913B4FCB400CAFC4A /* SBJsonStreamWriter.m in Sources */ = {isa = PBXBuildFile; fileRef = 948E67B813B4FCB400CAFC4A /* SBJsonStreamWriter.m */; };
		948E67CA13B4FCB400CAFC4A /* SBJsonStreamWriterAccumulator.m in Sources */ = {isa = PBXBuildFile; fileRef = 948E67BA13B4FCB400CAFC4A /* SBJsonStreamWriterAccumulator.m */; };
		948E67CB13B4FCB400CAFC4A /* SBJsonStreamWriterState.m in Sources */ = {isa = PBXBuildFile; fileRef = 948E67BC13B4FCB400CAFC4A /* SBJsonStreamWriterState.m */; };
		948E67CC13B4FCB400CAFC4A /* SBJsonTokeniser.m in Sources */ = {isa = PBXBuildFile; fileRef = 948E67BE13B4FCB400CAFC4A /* SBJsonTokeniser.m */; };
		948E67CD13B4FCB400CAFC4A /* SBJsonUTF8Stream.m in Sources */ = {isa = PBXBuildFile; fileRef = 948E67C013B4FCB400CAFC4A /* SBJsonUTF8Stream.m */; };
		948E67CE13B4FCB400CAFC4A /* SBJsonWriter.m in Sources */ = {isa = PBXBuildFile; fileRef = 948E67C213B4FCB400CAFC4A /* SBJsonWriter.m */; };
		948E67DB13B4FE7500CAFC4A /* CFNetwork.framework in Frameworks */ = {isa = PBXBuildFile; fileRef = 948E67D713B4FE7500CAFC4A /* CFNetwork.framework */; };
		948E67DC13B4FE7500CAFC4A /* libz.1.2.3.dylib in Frameworks */ = {isa = PBXBuildFile; fileRef = 948E67D813B4FE7500CAFC4A /* libz.1.2.3.dylib */; };
		948E67DD13B4FE7500CAFC4A /* MobileCoreServices.framework in Frameworks */ = {isa = PBXBuildFile; fileRef = 948E67D913B4FE7500CAFC4A /* MobileCoreServices.framework */; };
		948E67DE13B4FE7500CAFC4A /* SystemConfiguration.framework in Frameworks */ = {isa = PBXBuildFile; fileRef = 948E67DA13B4FE7500CAFC4A /* SystemConfiguration.framework */; };
		9BD7860913AD75100059F89E /* UIKit.framework in Frameworks */ = {isa = PBXBuildFile; fileRef = 9BD7860813AD75100059F89E /* UIKit.framework */; };
		9BD7860B13AD75100059F89E /* Foundation.framework in Frameworks */ = {isa = PBXBuildFile; fileRef = 9BD7860A13AD75100059F89E /* Foundation.framework */; };
		9BD7860D13AD75100059F89E /* CoreGraphics.framework in Frameworks */ = {isa = PBXBuildFile; fileRef = 9BD7860C13AD75100059F89E /* CoreGraphics.framework */; };
		9BD7861313AD75100059F89E /* InfoPlist.strings in Resources */ = {isa = PBXBuildFile; fileRef = 9BD7861113AD75100059F89E /* InfoPlist.strings */; };
		9BD7861613AD75100059F89E /* main.m in Sources */ = {isa = PBXBuildFile; fileRef = 9BD7861513AD75100059F89E /* main.m */; };
		9BD7861913AD75100059F89E /* BTCViewAppDelegate.m in Sources */ = {isa = PBXBuildFile; fileRef = 9BD7861813AD75100059F89E /* BTCViewAppDelegate.m */; };
		9BD7861C13AD75100059F89E /* MainWindow.xib in Resources */ = {isa = PBXBuildFile; fileRef = 9BD7861A13AD75100059F89E /* MainWindow.xib */; };
		9BD7862C13AD76580059F89E /* MainViewController.m in Sources */ = {isa = PBXBuildFile; fileRef = 9BD7862B13AD76580059F89E /* MainViewController.m */; };
		9BFC758C13AD7971004E6914 /* TickerViewController.m in Sources */ = {isa = PBXBuildFile; fileRef = 9BFC758B13AD7971004E6914 /* TickerViewController.m */; };
/* End PBXBuildFile section */

/* Begin PBXFileReference section */
		948E675B13B4FB4C00CAFC4A /* ASIAuthenticationDialog.h */ = {isa = PBXFileReference; fileEncoding = 4; lastKnownFileType = sourcecode.c.h; path = ASIAuthenticationDialog.h; sourceTree = "<group>"; };
		948E675C13B4FB4C00CAFC4A /* ASIAuthenticationDialog.m */ = {isa = PBXFileReference; fileEncoding = 4; lastKnownFileType = sourcecode.c.objc; path = ASIAuthenticationDialog.m; sourceTree = "<group>"; };
		948E675D13B4FB4C00CAFC4A /* ASICacheDelegate.h */ = {isa = PBXFileReference; fileEncoding = 4; lastKnownFileType = sourcecode.c.h; path = ASICacheDelegate.h; sourceTree = "<group>"; };
		948E675E13B4FB4C00CAFC4A /* ASIDataCompressor.h */ = {isa = PBXFileReference; fileEncoding = 4; lastKnownFileType = sourcecode.c.h; path = ASIDataCompressor.h; sourceTree = "<group>"; };
		948E675F13B4FB4C00CAFC4A /* ASIDataCompressor.m */ = {isa = PBXFileReference; fileEncoding = 4; lastKnownFileType = sourcecode.c.objc; path = ASIDataCompressor.m; sourceTree = "<group>"; };
		948E676013B4FB4C00CAFC4A /* ASIDataDecompressor.h */ = {isa = PBXFileReference; fileEncoding = 4; lastKnownFileType = sourcecode.c.h; path = ASIDataDecompressor.h; sourceTree = "<group>"; };
		948E676113B4FB4C00CAFC4A /* ASIDataDecompressor.m */ = {isa = PBXFileReference; fileEncoding = 4; lastKnownFileType = sourcecode.c.objc; path = ASIDataDecompressor.m; sourceTree = "<group>"; };
		948E676213B4FB4C00CAFC4A /* ASIDownloadCache.h */ = {isa = PBXFileReference; fileEncoding = 4; lastKnownFileType = sourcecode.c.h; path = ASIDownloadCache.h; sourceTree = "<group>"; };
		948E676313B4FB4C00CAFC4A /* ASIDownloadCache.m */ = {isa = PBXFileReference; fileEncoding = 4; lastKnownFileType = sourcecode.c.objc; path = ASIDownloadCache.m; sourceTree = "<group>"; };
		948E676413B4FB4C00CAFC4A /* ASIFormDataRequest.h */ = {isa = PBXFileReference; fileEncoding = 4; lastKnownFileType = sourcecode.c.h; path = ASIFormDataRequest.h; sourceTree = "<group>"; };
		948E676513B4FB4C00CAFC4A /* ASIFormDataRequest.m */ = {isa = PBXFileReference; fileEncoding = 4; lastKnownFileType = sourcecode.c.objc; path = ASIFormDataRequest.m; sourceTree = "<group>"; };
		948E676613B4FB4C00CAFC4A /* ASIHTTPRequest.h */ = {isa = PBXFileReference; fileEncoding = 4; lastKnownFileType = sourcecode.c.h; path = ASIHTTPRequest.h; sourceTree = "<group>"; };
		948E676713B4FB4C00CAFC4A /* ASIHTTPRequest.m */ = {isa = PBXFileReference; fileEncoding = 4; lastKnownFileType = sourcecode.c.objc; path = ASIHTTPRequest.m; sourceTree = "<group>"; };
		948E676813B4FB4C00CAFC4A /* ASIHTTPRequestConfig.h */ = {isa = PBXFileReference; fileEncoding = 4; lastKnownFileType = sourcecode.c.h; path = ASIHTTPRequestConfig.h; sourceTree = "<group>"; };
		948E676913B4FB4C00CAFC4A /* ASIHTTPRequestDelegate.h */ = {isa = PBXFileReference; fileEncoding = 4; lastKnownFileType = sourcecode.c.h; path = ASIHTTPRequestDelegate.h; sourceTree = "<group>"; };
		948E676A13B4FB4C00CAFC4A /* ASIInputStream.h */ = {isa = PBXFileReference; fileEncoding = 4; lastKnownFileType = sourcecode.c.h; path = ASIInputStream.h; sourceTree = "<group>"; };
		948E676B13B4FB4C00CAFC4A /* ASIInputStream.m */ = {isa = PBXFileReference; fileEncoding = 4; lastKnownFileType = sourcecode.c.objc; path = ASIInputStream.m; sourceTree = "<group>"; };
		948E676C13B4FB4C00CAFC4A /* ASINetworkQueue.h */ = {isa = PBXFileReference; fileEncoding = 4; lastKnownFileType = sourcecode.c.h; path = ASINetworkQueue.h; sourceTree = "<group>"; };
		948E676D13B4FB4C00CAFC4A /* ASINetworkQueue.m */ = {isa = PBXFileReference; fileEncoding = 4; lastKnownFileType = sourcecode.c.objc; path = ASINetworkQueue.m; sourceTree = "<group>"; };
		948E676E13B4FB4C00CAFC4A /* ASIProgressDelegate.h */ = {isa = PBXFileReference; fileEncoding = 4; lastKnownFileType = sourcecode.c.h; path = ASIProgressDelegate.h; sourceTree = "<group>"; };
		948E67A613B4FB5800CAFC4A /* Reachability.h */ = {isa = PBXFileReference; fileEncoding = 4; lastKnownFileType = sourcecode.c.h; path = Reachability.h; sourceTree = "<group>"; };
		948E67A713B4FB5800CAFC4A /* Reachability.m */ = {isa = PBXFileReference; fileEncoding = 4; lastKnownFileType = sourcecode.c.objc; path = Reachability.m; sourceTree = "<group>"; };
		948E67AA13B4FCB400CAFC4A /* NSObject+SBJson.h */ = {isa = PBXFileReference; fileEncoding = 4; lastKnownFileType = sourcecode.c.h; path = "NSObject+SBJson.h"; sourceTree = "<group>"; };
		948E67AB13B4FCB400CAFC4A /* NSObject+SBJson.m */ = {isa = PBXFileReference; fileEncoding = 4; lastKnownFileType = sourcecode.c.objc; path = "NSObject+SBJson.m"; sourceTree = "<group>"; };
		948E67AC13B4FCB400CAFC4A /* SBJson.h */ = {isa = PBXFileReference; fileEncoding = 4; lastKnownFileType = sourcecode.c.h; path = SBJson.h; sourceTree = "<group>"; };
		948E67AD13B4FCB400CAFC4A /* SBJsonParser.h */ = {isa = PBXFileReference; fileEncoding = 4; lastKnownFileType = sourcecode.c.h; path = SBJsonParser.h; sourceTree = "<group>"; };
		948E67AE13B4FCB400CAFC4A /* SBJsonParser.m */ = {isa = PBXFileReference; fileEncoding = 4; lastKnownFileType = sourcecode.c.objc; path = SBJsonParser.m; sourceTree = "<group>"; };
		948E67AF13B4FCB400CAFC4A /* SBJsonStreamParser.h */ = {isa = PBXFileReference; fileEncoding = 4; lastKnownFileType = sourcecode.c.h; path = SBJsonStreamParser.h; sourceTree = "<group>"; };
		948E67B013B4FCB400CAFC4A /* SBJsonStreamParser.m */ = {isa = PBXFileReference; fileEncoding = 4; lastKnownFileType = sourcecode.c.objc; path = SBJsonStreamParser.m; sourceTree = "<group>"; };
		948E67B113B4FCB400CAFC4A /* SBJsonStreamParserAccumulator.h */ = {isa = PBXFileReference; fileEncoding = 4; lastKnownFileType = sourcecode.c.h; path = SBJsonStreamParserAccumulator.h; sourceTree = "<group>"; };
		948E67B213B4FCB400CAFC4A /* SBJsonStreamParserAccumulator.m */ = {isa = PBXFileReference; fileEncoding = 4; lastKnownFileType = sourcecode.c.objc; path = SBJsonStreamParserAccumulator.m; sourceTree = "<group>"; };
		948E67B313B4FCB400CAFC4A /* SBJsonStreamParserAdapter.h */ = {isa = PBXFileReference; fileEncoding = 4; lastKnownFileType = sourcecode.c.h; path = SBJsonStreamParserAdapter.h; sourceTree = "<group>"; };
		948E67B413B4FCB400CAFC4A /* SBJsonStreamParserAdapter.m */ = {isa = PBXFileReference; fileEncoding = 4; lastKnownFileType = sourcecode.c.objc; path = SBJsonStreamParserAdapter.m; sourceTree = "<group>"; };
		948E67B513B4FCB400CAFC4A /* SBJsonStreamParserState.h */ = {isa = PBXFileReference; fileEncoding = 4; lastKnownFileType = sourcecode.c.h; path = SBJsonStreamParserState.h; sourceTree = "<group>"; };
		948E67B613B4FCB400CAFC4A /* SBJsonStreamParserState.m */ = {isa = PBXFileReference; fileEncoding = 4; lastKnownFileType = sourcecode.c.objc; path = SBJsonStreamParserState.m; sourceTree = "<group>"; };
		948E67B713B4FCB400CAFC4A /* SBJsonStreamWriter.h */ = {isa = PBXFileReference; fileEncoding = 4; lastKnownFileType = sourcecode.c.h; path = SBJsonStreamWriter.h; sourceTree = "<group>"; };
		948E67B813B4FCB400CAFC4A /* SBJsonStreamWriter.m */ = {isa = PBXFileReference; fileEncoding = 4; lastKnownFileType = sourcecode.c.objc; path = SBJsonStreamWriter.m; sourceTree = "<group>"; };
		948E67B913B4FCB400CAFC4A /* SBJsonStreamWriterAccumulator.h */ = {isa = PBXFileReference; fileEncoding = 4; lastKnownFileType = sourcecode.c.h; path = SBJsonStreamWriterAccumulator.h; sourceTree = "<group>"; };
		948E67BA13B4FCB400CAFC4A /* SBJsonStreamWriterAccumulator.m */ = {isa = PBXFileReference; fileEncoding = 4; lastKnownFileType = sourcecode.c.objc; path = SBJsonStreamWriterAccumulator.m; sourceTree = "<group>"; };
		948E67BB13B4FCB400CAFC4A /* SBJsonStreamWriterState.h */ = {isa = PBXFileReference; fileEncoding = 4; lastKnownFileType = sourcecode.c.h; path = SBJsonStreamWriterState.h; sourceTree = "<group>"; };
		948E67BC13B4FCB400CAFC4A /* SBJsonStreamWriterState.m */ = {isa = PBXFileReference; fileEncoding = 4; lastKnownFileType = sourcecode.c.objc; path = SBJsonStreamWriterState.m; sourceTree = "<group>"; };
		948E67BD13B4FCB400CAFC4A /* SBJsonTokeniser.h */ = {isa = PBXFileReference; fileEncoding = 4; lastKnownFileType = sourcecode.c.h; path = SBJsonTokeniser.h; sourceTree = "<group>"; };
		948E67BE13B4FCB400CAFC4A /* SBJsonTokeniser.m */ = {isa = PBXFileReference; fileEncoding = 4; lastKnownFileType = sourcecode.c.objc; path = SBJsonTokeniser.m; sourceTree = "<group>"; };
		948E67BF13B4FCB400CAFC4A /* SBJsonUTF8Stream.h */ = {isa = PBXFileReference; fileEncoding = 4; lastKnownFileType = sourcecode.c.h; path = SBJsonUTF8Stream.h; sourceTree = "<group>"; };
		948E67C013B4FCB400CAFC4A /* SBJsonUTF8Stream.m */ = {isa = PBXFileReference; fileEncoding = 4; lastKnownFileType = sourcecode.c.objc; path = SBJsonUTF8Stream.m; sourceTree = "<group>"; };
		948E67C113B4FCB400CAFC4A /* SBJsonWriter.h */ = {isa = PBXFileReference; fileEncoding = 4; lastKnownFileType = sourcecode.c.h; path = SBJsonWriter.h; sourceTree = "<group>"; };
		948E67C213B4FCB400CAFC4A /* SBJsonWriter.m */ = {isa = PBXFileReference; fileEncoding = 4; lastKnownFileType = sourcecode.c.objc; path = SBJsonWriter.m; sourceTree = "<group>"; };
		948E67D713B4FE7500CAFC4A /* CFNetwork.framework */ = {isa = PBXFileReference; lastKnownFileType = wrapper.framework; name = CFNetwork.framework; path = System/Library/Frameworks/CFNetwork.framework; sourceTree = SDKROOT; };
		948E67D813B4FE7500CAFC4A /* libz.1.2.3.dylib */ = {isa = PBXFileReference; lastKnownFileType = "compiled.mach-o.dylib"; name = libz.1.2.3.dylib; path = usr/lib/libz.1.2.3.dylib; sourceTree = SDKROOT; };
		948E67D913B4FE7500CAFC4A /* MobileCoreServices.framework */ = {isa = PBXFileReference; lastKnownFileType = wrapper.framework; name = MobileCoreServices.framework; path = System/Library/Frameworks/MobileCoreServices.framework; sourceTree = SDKROOT; };
		948E67DA13B4FE7500CAFC4A /* SystemConfiguration.framework */ = {isa = PBXFileReference; lastKnownFileType = wrapper.framework; name = SystemConfiguration.framework; path = System/Library/Frameworks/SystemConfiguration.framework; sourceTree = SDKROOT; };
		9BD7860413AD75100059F89E /* BTCView.app */ = {isa = PBXFileReference; explicitFileType = wrapper.application; includeInIndex = 0; path = BTCView.app; sourceTree = BUILT_PRODUCTS_DIR; };
		9BD7860813AD75100059F89E /* UIKit.framework */ = {isa = PBXFileReference; lastKnownFileType = wrapper.framework; name = UIKit.framework; path = System/Library/Frameworks/UIKit.framework; sourceTree = SDKROOT; };
		9BD7860A13AD75100059F89E /* Foundation.framework */ = {isa = PBXFileReference; lastKnownFileType = wrapper.framework; name = Foundation.framework; path = System/Library/Frameworks/Foundation.framework; sourceTree = SDKROOT; };
		9BD7860C13AD75100059F89E /* CoreGraphics.framework */ = {isa = PBXFileReference; lastKnownFileType = wrapper.framework; name = CoreGraphics.framework; path = System/Library/Frameworks/CoreGraphics.framework; sourceTree = SDKROOT; };
		9BD7861013AD75100059F89E /* BTCView-Info.plist */ = {isa = PBXFileReference; lastKnownFileType = text.plist.xml; path = "BTCView-Info.plist"; sourceTree = "<group>"; };
		9BD7861213AD75100059F89E /* en */ = {isa = PBXFileReference; lastKnownFileType = text.plist.strings; name = en; path = en.lproj/InfoPlist.strings; sourceTree = "<group>"; };
		9BD7861413AD75100059F89E /* BTCView-Prefix.pch */ = {isa = PBXFileReference; lastKnownFileType = sourcecode.c.h; path = "BTCView-Prefix.pch"; sourceTree = "<group>"; };
		9BD7861513AD75100059F89E /* main.m */ = {isa = PBXFileReference; lastKnownFileType = sourcecode.c.objc; path = main.m; sourceTree = "<group>"; };
		9BD7861713AD75100059F89E /* BTCViewAppDelegate.h */ = {isa = PBXFileReference; lastKnownFileType = sourcecode.c.h; path = BTCViewAppDelegate.h; sourceTree = "<group>"; };
		9BD7861813AD75100059F89E /* BTCViewAppDelegate.m */ = {isa = PBXFileReference; lastKnownFileType = sourcecode.c.objc; path = BTCViewAppDelegate.m; sourceTree = "<group>"; };
		9BD7861B13AD75100059F89E /* en */ = {isa = PBXFileReference; lastKnownFileType = file.xib; name = en; path = en.lproj/MainWindow.xib; sourceTree = "<group>"; };
		9BD7862A13AD76580059F89E /* MainViewController.h */ = {isa = PBXFileReference; fileEncoding = 4; lastKnownFileType = sourcecode.c.h; path = MainViewController.h; sourceTree = "<group>"; };
		9BD7862B13AD76580059F89E /* MainViewController.m */ = {isa = PBXFileReference; fileEncoding = 4; lastKnownFileType = sourcecode.c.objc; path = MainViewController.m; sourceTree = "<group>"; };
		9BFC758A13AD7971004E6914 /* TickerViewController.h */ = {isa = PBXFileReference; fileEncoding = 4; lastKnownFileType = sourcecode.c.h; path = TickerViewController.h; sourceTree = "<group>"; };
		9BFC758B13AD7971004E6914 /* TickerViewController.m */ = {isa = PBXFileReference; fileEncoding = 4; lastKnownFileType = sourcecode.c.objc; path = TickerViewController.m; sourceTree = "<group>"; };
/* End PBXFileReference section */

/* Begin PBXFrameworksBuildPhase section */
		9BD7860113AD75100059F89E /* Frameworks */ = {
			isa = PBXFrameworksBuildPhase;
			buildActionMask = 2147483647;
			files = (
				948E67DB13B4FE7500CAFC4A /* CFNetwork.framework in Frameworks */,
				948E67DC13B4FE7500CAFC4A /* libz.1.2.3.dylib in Frameworks */,
				948E67DD13B4FE7500CAFC4A /* MobileCoreServices.framework in Frameworks */,
				948E67DE13B4FE7500CAFC4A /* SystemConfiguration.framework in Frameworks */,
				9BD7860913AD75100059F89E /* UIKit.framework in Frameworks */,
				9BD7860B13AD75100059F89E /* Foundation.framework in Frameworks */,
				9BD7860D13AD75100059F89E /* CoreGraphics.framework in Frameworks */,
			);
			runOnlyForDeploymentPostprocessing = 0;
		};
/* End PBXFrameworksBuildPhase section */

/* Begin PBXGroup section */
		948E675413B4FA2E00CAFC4A /* Resources */ = {
			isa = PBXGroup;
			children = (
				948E675813B4FA5000CAFC4A /* Xib Files */,
				948E675513B4FA3B00CAFC4A /* Images */,
			);
			name = Resources;
			sourceTree = "<group>";
		};
		948E675513B4FA3B00CAFC4A /* Images */ = {
			isa = PBXGroup;
			children = (
				948E675713B4FA4700CAFC4A /* HD */,
				948E675613B4FA4100CAFC4A /* SD */,
			);
			name = Images;
			sourceTree = "<group>";
		};
		948E675613B4FA4100CAFC4A /* SD */ = {
			isa = PBXGroup;
			children = (
			);
			name = SD;
			sourceTree = "<group>";
		};
		948E675713B4FA4700CAFC4A /* HD */ = {
			isa = PBXGroup;
			children = (
			);
			name = HD;
			sourceTree = "<group>";
		};
		948E675813B4FA5000CAFC4A /* Xib Files */ = {
			isa = PBXGroup;
			children = (
				9BD7861A13AD75100059F89E /* MainWindow.xib */,
			);
			name = "Xib Files";
			sourceTree = "<group>";
		};
		948E675913B4FA6B00CAFC4A /* Lib */ = {
			isa = PBXGroup;
			children = (
				948E67A913B4FBBE00CAFC4A /* SBJSON */,
				948E675A13B4FA7A00CAFC4A /* ASIHTTPRequest */,
			);
			name = Lib;
			sourceTree = "<group>";
		};
		948E675A13B4FA7A00CAFC4A /* ASIHTTPRequest */ = {
			isa = PBXGroup;
			children = (
				948E675B13B4FB4C00CAFC4A /* ASIAuthenticationDialog.h */,
				948E675C13B4FB4C00CAFC4A /* ASIAuthenticationDialog.m */,
				948E675D13B4FB4C00CAFC4A /* ASICacheDelegate.h */,
				948E675E13B4FB4C00CAFC4A /* ASIDataCompressor.h */,
				948E675F13B4FB4C00CAFC4A /* ASIDataCompressor.m */,
				948E676013B4FB4C00CAFC4A /* ASIDataDecompressor.h */,
				948E676113B4FB4C00CAFC4A /* ASIDataDecompressor.m */,
				948E676213B4FB4C00CAFC4A /* ASIDownloadCache.h */,
				948E676313B4FB4C00CAFC4A /* ASIDownloadCache.m */,
				948E676413B4FB4C00CAFC4A /* ASIFormDataRequest.h */,
				948E676513B4FB4C00CAFC4A /* ASIFormDataRequest.m */,
				948E676613B4FB4C00CAFC4A /* ASIHTTPRequest.h */,
				948E676713B4FB4C00CAFC4A /* ASIHTTPRequest.m */,
				948E676813B4FB4C00CAFC4A /* ASIHTTPRequestConfig.h */,
				948E676913B4FB4C00CAFC4A /* ASIHTTPRequestDelegate.h */,
				948E676A13B4FB4C00CAFC4A /* ASIInputStream.h */,
				948E676B13B4FB4C00CAFC4A /* ASIInputStream.m */,
				948E676C13B4FB4C00CAFC4A /* ASINetworkQueue.h */,
				948E676D13B4FB4C00CAFC4A /* ASINetworkQueue.m */,
				948E676E13B4FB4C00CAFC4A /* ASIProgressDelegate.h */,
				948E67A513B4FB5800CAFC4A /* Reachability */,
			);
			name = ASIHTTPRequest;
			sourceTree = "<group>";
		};
		948E67A513B4FB5800CAFC4A /* Reachability */ = {
			isa = PBXGroup;
			children = (
				948E67A613B4FB5800CAFC4A /* Reachability.h */,
				948E67A713B4FB5800CAFC4A /* Reachability.m */,
			);
			path = Reachability;
			sourceTree = "<group>";
		};
		948E67A913B4FBBE00CAFC4A /* SBJSON */ = {
			isa = PBXGroup;
			children = (
				948E67AA13B4FCB400CAFC4A /* NSObject+SBJson.h */,
				948E67AB13B4FCB400CAFC4A /* NSObject+SBJson.m */,
				948E67AC13B4FCB400CAFC4A /* SBJson.h */,
				948E67AD13B4FCB400CAFC4A /* SBJsonParser.h */,
				948E67AE13B4FCB400CAFC4A /* SBJsonParser.m */,
				948E67AF13B4FCB400CAFC4A /* SBJsonStreamParser.h */,
				948E67B013B4FCB400CAFC4A /* SBJsonStreamParser.m */,
				948E67B113B4FCB400CAFC4A /* SBJsonStreamParserAccumulator.h */,
				948E67B213B4FCB400CAFC4A /* SBJsonStreamParserAccumulator.m */,
				948E67B313B4FCB400CAFC4A /* SBJsonStreamParserAdapter.h */,
				948E67B413B4FCB400CAFC4A /* SBJsonStreamParserAdapter.m */,
				948E67B513B4FCB400CAFC4A /* SBJsonStreamParserState.h */,
				948E67B613B4FCB400CAFC4A /* SBJsonStreamParserState.m */,
				948E67B713B4FCB400CAFC4A /* SBJsonStreamWriter.h */,
				948E67B813B4FCB400CAFC4A /* SBJsonStreamWriter.m */,
				948E67B913B4FCB400CAFC4A /* SBJsonStreamWriterAccumulator.h */,
				948E67BA13B4FCB400CAFC4A /* SBJsonStreamWriterAccumulator.m */,
				948E67BB13B4FCB400CAFC4A /* SBJsonStreamWriterState.h */,
				948E67BC13B4FCB400CAFC4A /* SBJsonStreamWriterState.m */,
				948E67BD13B4FCB400CAFC4A /* SBJsonTokeniser.h */,
				948E67BE13B4FCB400CAFC4A /* SBJsonTokeniser.m */,
				948E67BF13B4FCB400CAFC4A /* SBJsonUTF8Stream.h */,
				948E67C013B4FCB400CAFC4A /* SBJsonUTF8Stream.m */,
				948E67C113B4FCB400CAFC4A /* SBJsonWriter.h */,
				948E67C213B4FCB400CAFC4A /* SBJsonWriter.m */,
			);
			name = SBJSON;
			sourceTree = "<group>";
		};
		9BD785F913AD75100059F89E = {
			isa = PBXGroup;
			children = (
				9BD7860E13AD75100059F89E /* BTCView */,
				9BD7860713AD75100059F89E /* Frameworks */,
				9BD7860513AD75100059F89E /* Products */,
			);
			sourceTree = "<group>";
		};
		9BD7860513AD75100059F89E /* Products */ = {
			isa = PBXGroup;
			children = (
				9BD7860413AD75100059F89E /* BTCView.app */,
			);
			name = Products;
			sourceTree = "<group>";
		};
		9BD7860713AD75100059F89E /* Frameworks */ = {
			isa = PBXGroup;
			children = (
				948E67D713B4FE7500CAFC4A /* CFNetwork.framework */,
				948E67D813B4FE7500CAFC4A /* libz.1.2.3.dylib */,
				948E67D913B4FE7500CAFC4A /* MobileCoreServices.framework */,
				948E67DA13B4FE7500CAFC4A /* SystemConfiguration.framework */,
				9BD7860813AD75100059F89E /* UIKit.framework */,
				9BD7860A13AD75100059F89E /* Foundation.framework */,
				9BD7860C13AD75100059F89E /* CoreGraphics.framework */,
			);
			name = Frameworks;
			sourceTree = "<group>";
		};
		9BD7860E13AD75100059F89E /* BTCView */ = {
			isa = PBXGroup;
			children = (
				9BD7861713AD75100059F89E /* BTCViewAppDelegate.h */,
				9BD7861813AD75100059F89E /* BTCViewAppDelegate.m */,
				9BFC758813AD795A004E6914 /* View Controllers */,
				948E675913B4FA6B00CAFC4A /* Lib */,
				948E675413B4FA2E00CAFC4A /* Resources */,
				9BD7860F13AD75100059F89E /* Supporting Files */,
			);
			path = BTCView;
			sourceTree = "<group>";
		};
		9BD7860F13AD75100059F89E /* Supporting Files */ = {
			isa = PBXGroup;
			children = (
				9BD7861013AD75100059F89E /* BTCView-Info.plist */,
				9BD7861113AD75100059F89E /* InfoPlist.strings */,
				9BD7861413AD75100059F89E /* BTCView-Prefix.pch */,
				9BD7861513AD75100059F89E /* main.m */,
			);
			name = "Supporting Files";
			sourceTree = "<group>";
		};
		9BFC758813AD795A004E6914 /* View Controllers */ = {
			isa = PBXGroup;
			children = (
				9BD7862A13AD76580059F89E /* MainViewController.h */,
				9BD7862B13AD76580059F89E /* MainViewController.m */,
				9BFC758A13AD7971004E6914 /* TickerViewController.h */,
				9BFC758B13AD7971004E6914 /* TickerViewController.m */,
			);
			name = "View Controllers";
			sourceTree = "<group>";
		};
/* End PBXGroup section */

/* Begin PBXNativeTarget section */
		9BD7860313AD75100059F89E /* BTCView */ = {
			isa = PBXNativeTarget;
			buildConfigurationList = 9BD7861F13AD75100059F89E /* Build configuration list for PBXNativeTarget "BTCView" */;
			buildPhases = (
				9BD7860013AD75100059F89E /* Sources */,
				9BD7860113AD75100059F89E /* Frameworks */,
				9BD7860213AD75100059F89E /* Resources */,
			);
			buildRules = (
			);
			dependencies = (
			);
			name = BTCView;
			productName = BTCView;
			productReference = 9BD7860413AD75100059F89E /* BTCView.app */;
			productType = "com.apple.product-type.application";
		};
/* End PBXNativeTarget section */

/* Begin PBXProject section */
		9BD785FB13AD75100059F89E /* Project object */ = {
			isa = PBXProject;
			attributes = {
				ORGANIZATIONNAME = "Rollout Studios";
			};
			buildConfigurationList = 9BD785FE13AD75100059F89E /* Build configuration list for PBXProject "BTCView" */;
			compatibilityVersion = "Xcode 3.2";
			developmentRegion = English;
			hasScannedForEncodings = 0;
			knownRegions = (
				en,
			);
			mainGroup = 9BD785F913AD75100059F89E;
			productRefGroup = 9BD7860513AD75100059F89E /* Products */;
			projectDirPath = "";
			projectRoot = "";
			targets = (
				9BD7860313AD75100059F89E /* BTCView */,
			);
		};
/* End PBXProject section */

/* Begin PBXResourcesBuildPhase section */
		9BD7860213AD75100059F89E /* Resources */ = {
			isa = PBXResourcesBuildPhase;
			buildActionMask = 2147483647;
			files = (
				9BD7861313AD75100059F89E /* InfoPlist.strings in Resources */,
				9BD7861C13AD75100059F89E /* MainWindow.xib in Resources */,
			);
			runOnlyForDeploymentPostprocessing = 0;
		};
/* End PBXResourcesBuildPhase section */

/* Begin PBXSourcesBuildPhase section */
		9BD7860013AD75100059F89E /* Sources */ = {
			isa = PBXSourcesBuildPhase;
			buildActionMask = 2147483647;
			files = (
				9BD7861613AD75100059F89E /* main.m in Sources */,
				9BD7861913AD75100059F89E /* BTCViewAppDelegate.m in Sources */,
				9BD7862C13AD76580059F89E /* MainViewController.m in Sources */,
				9BFC758C13AD7971004E6914 /* TickerViewController.m in Sources */,
				948E678F13B4FB4D00CAFC4A /* ASIAuthenticationDialog.m in Sources */,
				948E679013B4FB4D00CAFC4A /* ASIDataCompressor.m in Sources */,
				948E679113B4FB4D00CAFC4A /* ASIDataDecompressor.m in Sources */,
				948E679213B4FB4D00CAFC4A /* ASIDownloadCache.m in Sources */,
				948E679313B4FB4D00CAFC4A /* ASIFormDataRequest.m in Sources */,
				948E679413B4FB4D00CAFC4A /* ASIHTTPRequest.m in Sources */,
				948E679513B4FB4D00CAFC4A /* ASIInputStream.m in Sources */,
				948E679613B4FB4D00CAFC4A /* ASINetworkQueue.m in Sources */,
				948E67A813B4FB5800CAFC4A /* Reachability.m in Sources */,
				948E67C313B4FCB400CAFC4A /* NSObject+SBJson.m in Sources */,
				948E67C413B4FCB400CAFC4A /* SBJsonParser.m in Sources */,
				948E67C513B4FCB400CAFC4A /* SBJsonStreamParser.m in Sources */,
				948E67C613B4FCB400CAFC4A /* SBJsonStreamParserAccumulator.m in Sources */,
				948E67C713B4FCB400CAFC4A /* SBJsonStreamParserAdapter.m in Sources */,
				948E67C813B4FCB400CAFC4A /* SBJsonStreamParserState.m in Sources */,
				948E67C913B4FCB400CAFC4A /* SBJsonStreamWriter.m in Sources */,
				948E67CA13B4FCB400CAFC4A /* SBJsonStreamWriterAccumulator.m in Sources */,
				948E67CB13B4FCB400CAFC4A /* SBJsonStreamWriterState.m in Sources */,
				948E67CC13B4FCB400CAFC4A /* SBJsonTokeniser.m in Sources */,
				948E67CD13B4FCB400CAFC4A /* SBJsonUTF8Stream.m in Sources */,
				948E67CE13B4FCB400CAFC4A /* SBJsonWriter.m in Sources */,
			);
			runOnlyForDeploymentPostprocessing = 0;
		};
/* End PBXSourcesBuildPhase section */

/* Begin PBXVariantGroup section */
		9BD7861113AD75100059F89E /* InfoPlist.strings */ = {
			isa = PBXVariantGroup;
			children = (
				9BD7861213AD75100059F89E /* en */,
			);
			name = InfoPlist.strings;
			sourceTree = "<group>";
		};
		9BD7861A13AD75100059F89E /* MainWindow.xib */ = {
			isa = PBXVariantGroup;
			children = (
				9BD7861B13AD75100059F89E /* en */,
			);
			name = MainWindow.xib;
			sourceTree = "<group>";
		};
/* End PBXVariantGroup section */

/* Begin XCBuildConfiguration section */
		9BD7861D13AD75100059F89E /* Debug */ = {
			isa = XCBuildConfiguration;
			buildSettings = {
				ARCHS = "$(ARCHS_STANDARD_32_BIT)";
				"CODE_SIGN_IDENTITY[sdk=iphoneos*]" = "iPhone Developer";
				GCC_C_LANGUAGE_STANDARD = gnu99;
				GCC_OPTIMIZATION_LEVEL = 0;
				GCC_PREPROCESSOR_DEFINITIONS = DEBUG;
				GCC_SYMBOLS_PRIVATE_EXTERN = NO;
				GCC_VERSION = com.apple.compilers.llvmgcc42;
				GCC_WARN_ABOUT_RETURN_TYPE = YES;
				GCC_WARN_UNUSED_VARIABLE = YES;
				IPHONEOS_DEPLOYMENT_TARGET = 4.3;
				SDKROOT = iphoneos;
			};
			name = Debug;
		};
		9BD7861E13AD75100059F89E /* Release */ = {
			isa = XCBuildConfiguration;
			buildSettings = {
				ARCHS = "$(ARCHS_STANDARD_32_BIT)";
				"CODE_SIGN_IDENTITY[sdk=iphoneos*]" = "iPhone Developer";
				GCC_C_LANGUAGE_STANDARD = gnu99;
				GCC_VERSION = com.apple.compilers.llvmgcc42;
				GCC_WARN_ABOUT_RETURN_TYPE = YES;
				GCC_WARN_UNUSED_VARIABLE = YES;
				IPHONEOS_DEPLOYMENT_TARGET = 4.3;
				OTHER_CFLAGS = "-DNS_BLOCK_ASSERTIONS=1";
				SDKROOT = iphoneos;
			};
			name = Release;
		};
		9BD7862013AD75100059F89E /* Debug */ = {
			isa = XCBuildConfiguration;
			buildSettings = {
				ALWAYS_SEARCH_USER_PATHS = NO;
				COPY_PHASE_STRIP = NO;
				GCC_DYNAMIC_NO_PIC = NO;
				GCC_PRECOMPILE_PREFIX_HEADER = YES;
				GCC_PREFIX_HEADER = "BTCView/BTCView-Prefix.pch";
				INFOPLIST_FILE = "BTCView/BTCView-Info.plist";
				PRODUCT_NAME = "$(TARGET_NAME)";
				WRAPPER_EXTENSION = app;
			};
			name = Debug;
		};
		9BD7862113AD75100059F89E /* Release */ = {
			isa = XCBuildConfiguration;
			buildSettings = {
				ALWAYS_SEARCH_USER_PATHS = NO;
				COPY_PHASE_STRIP = YES;
				GCC_PRECOMPILE_PREFIX_HEADER = YES;
				GCC_PREFIX_HEADER = "BTCView/BTCView-Prefix.pch";
				INFOPLIST_FILE = "BTCView/BTCView-Info.plist";
				PRODUCT_NAME = "$(TARGET_NAME)";
				VALIDATE_PRODUCT = YES;
				WRAPPER_EXTENSION = app;
			};
			name = Release;
		};
/* End XCBuildConfiguration section */

/* Begin XCConfigurationList section */
		9BD785FE13AD75100059F89E /* Build configuration list for PBXProject "BTCView" */ = {
			isa = XCConfigurationList;
			buildConfigurations = (
				9BD7861D13AD75100059F89E /* Debug */,
				9BD7861E13AD75100059F89E /* Release */,
			);
			defaultConfigurationIsVisible = 0;
			defaultConfigurationName = Release;
		};
		9BD7861F13AD75100059F89E /* Build configuration list for PBXNativeTarget "BTCView" */ = {
			isa = XCConfigurationList;
			buildConfigurations = (
				9BD7862013AD75100059F89E /* Debug */,
				9BD7862113AD75100059F89E /* Release */,
			);
			defaultConfigurationIsVisible = 0;
			defaultConfigurationName = Release;
		};
/* End XCConfigurationList section */
	};
	rootObject = 9BD785FB13AD75100059F89E /* Project object */;
}
